
Microsoft Visual Studio Solution File, Format Version 12.00
# Visual Studio Version 16
VisualStudioVersion = 16.0.810.16
MinimumVisualStudioVersion = 10.0.40219.1
Project("{FAE04EC0-301F-11D3-BF4B-00C04F79EFBC}") = "OnlineShop", "OnlineShop\OnlineShop.csproj", "{4EEE3C4E-DC29-4A6D-B07D-8E67A84CE54E}"
EndProject
Global
	GlobalSection(SolutionConfigurationPlatforms) = preSolution
		Debug|Any CPU = Debug|Any CPU
		Release|Any CPU = Release|Any CPU
	EndGlobalSection
	GlobalSection(ProjectConfigurationPlatforms) = postSolution
		{4EEE3C4E-DC29-4A6D-B07D-8E67A84CE54E}.Debug|Any CPU.ActiveCfg = Debug|Any CPU
		{4EEE3C4E-DC29-4A6D-B07D-8E67A84CE54E}.Debug|Any CPU.Build.0 = Debug|Any CPU
		{4EEE3C4E-DC29-4A6D-B07D-8E67A84CE54E}.Release|Any CPU.ActiveCfg = Release|Any CPU
		{4EEE3C4E-DC29-4A6D-B07D-8E67A84CE54E}.Release|Any CPU.Build.0 = Release|Any CPU
	EndGlobalSection
	GlobalSection(SolutionProperties) = preSolution
		HideSolutionNode = FALSE
	EndGlobalSection
	GlobalSection(ExtensibilityGlobals) = postSolution
		SolutionGuid = {97F42232-3B9C-4C98-8124-F541C0DAB3F5}
	EndGlobalSection
EndGlobal
